// !$*UTF8*$!
{
	archiveVersion = 1;
	classes = {
	};
	objectVersion = 52;
	objects = {

/* Begin PBXBuildFile section */
		0909A47725FD88370078D284 /* PokemonsManager.swift in Sources */ = {isa = PBXBuildFile; fileRef = 0909A47625FD88370078D284 /* PokemonsManager.swift */; };
		0909A47B25FD889E0078D284 /* PokemonsManagerProtocol.swift in Sources */ = {isa = PBXBuildFile; fileRef = 0909A47A25FD889E0078D284 /* PokemonsManagerProtocol.swift */; };
		0909A48525FEE9180078D284 /* PokemonColor.swift in Sources */ = {isa = PBXBuildFile; fileRef = 0909A48425FEE9170078D284 /* PokemonColor.swift */; };
		095E1BB825FAD1C700047A6A /* AppDelegate.swift in Sources */ = {isa = PBXBuildFile; fileRef = 095E1BB725FAD1C700047A6A /* AppDelegate.swift */; };
		095E1BBA25FAD1C700047A6A /* SceneDelegate.swift in Sources */ = {isa = PBXBuildFile; fileRef = 095E1BB925FAD1C700047A6A /* SceneDelegate.swift */; };
		095E1BBC25FAD1C700047A6A /* ViewController.swift in Sources */ = {isa = PBXBuildFile; fileRef = 095E1BBB25FAD1C700047A6A /* ViewController.swift */; };
		095E1BC125FAD1C900047A6A /* Assets.xcassets in Resources */ = {isa = PBXBuildFile; fileRef = 095E1BC025FAD1C900047A6A /* Assets.xcassets */; };
		095E1BC425FAD1C900047A6A /* LaunchScreen.storyboard in Resources */ = {isa = PBXBuildFile; fileRef = 095E1BC225FAD1C900047A6A /* LaunchScreen.storyboard */; };
		095E1BCF25FAD1CA00047A6A /* pokedexUIKItTests.swift in Sources */ = {isa = PBXBuildFile; fileRef = 095E1BCE25FAD1CA00047A6A /* pokedexUIKItTests.swift */; };
		095E1BDA25FAD1CA00047A6A /* pokedexUIKItUITests.swift in Sources */ = {isa = PBXBuildFile; fileRef = 095E1BD925FAD1CA00047A6A /* pokedexUIKItUITests.swift */; };
		095E1BF225FAD4D800047A6A /* NamedAPIResource.swift in Sources */ = {isa = PBXBuildFile; fileRef = 095E1BF125FAD4D800047A6A /* NamedAPIResource.swift */; };
		095E1BF725FAD51200047A6A /* PageObject.swift in Sources */ = {isa = PBXBuildFile; fileRef = 095E1BF625FAD51200047A6A /* PageObject.swift */; };
		095E1BFC25FAD77800047A6A /* Pokemon.swift in Sources */ = {isa = PBXBuildFile; fileRef = 095E1BFB25FAD77800047A6A /* Pokemon.swift */; };
		095E1C4525FB0F8A00047A6A /* Request.swift in Sources */ = {isa = PBXBuildFile; fileRef = 095E1C4425FB0F8A00047A6A /* Request.swift */; };
		095E1C4D25FB1A3200047A6A /* NetworkDispatcher.swift in Sources */ = {isa = PBXBuildFile; fileRef = 095E1C4C25FB1A3200047A6A /* NetworkDispatcher.swift */; };
		095E1C5525FBD80400047A6A /* APIClient.swift in Sources */ = {isa = PBXBuildFile; fileRef = 095E1C5425FBD80400047A6A /* APIClient.swift */; };
		095E1C5A25FBDB6C00047A6A /* PokemonsViewModel.swift in Sources */ = {isa = PBXBuildFile; fileRef = 095E1C5925FBDB6C00047A6A /* PokemonsViewModel.swift */; };
		095E1C5F25FBDBC500047A6A /* PokemonsViewModelProtocol.swift in Sources */ = {isa = PBXBuildFile; fileRef = 095E1C5E25FBDBC500047A6A /* PokemonsViewModelProtocol.swift */; };
		095E1C6425FBE40B00047A6A /* Constants.swift in Sources */ = {isa = PBXBuildFile; fileRef = 095E1C6325FBE40B00047A6A /* Constants.swift */; };
		095E1C8625FC1E9500047A6A /* MainViewController.swift in Sources */ = {isa = PBXBuildFile; fileRef = 095E1C8525FC1E9500047A6A /* MainViewController.swift */; };
		095E1C9125FC26F200047A6A /* PokemonsViewController.swift in Sources */ = {isa = PBXBuildFile; fileRef = 095E1C9025FC26F200047A6A /* PokemonsViewController.swift */; };
		095E1C9625FC272900047A6A /* Pokemons.storyboard in Resources */ = {isa = PBXBuildFile; fileRef = 095E1C9525FC272900047A6A /* Pokemons.storyboard */; };
		095E1CA025FC279E00047A6A /* BaseViewController.swift in Sources */ = {isa = PBXBuildFile; fileRef = 095E1C9F25FC279E00047A6A /* BaseViewController.swift */; };
		095E1CA625FC280100047A6A /* MRCommons in Frameworks */ = {isa = PBXBuildFile; productRef = 095E1CA525FC280100047A6A /* MRCommons */; };
		095E1CAB25FC28C800047A6A /* AlertProtocol.swift in Sources */ = {isa = PBXBuildFile; fileRef = 095E1CAA25FC28C800047A6A /* AlertProtocol.swift */; };
		095E1CB325FC2AB900047A6A /* SVProgressHUD.xcframework in Frameworks */ = {isa = PBXBuildFile; fileRef = 095E1CB225FC2AB900047A6A /* SVProgressHUD.xcframework */; };
		095E1CB425FC2AB900047A6A /* SVProgressHUD.xcframework in Embed Frameworks */ = {isa = PBXBuildFile; fileRef = 095E1CB225FC2AB900047A6A /* SVProgressHUD.xcframework */; settings = {ATTRIBUTES = (CodeSignOnCopy, RemoveHeadersOnCopy, ); }; };
		095E1CBB25FC3D2900047A6A /* PokemonCell.swift in Sources */ = {isa = PBXBuildFile; fileRef = 095E1CBA25FC3D2900047A6A /* PokemonCell.swift */; };
		095E1CC025FC43B200047A6A /* PokemonCellViewModel.swift in Sources */ = {isa = PBXBuildFile; fileRef = 095E1CBF25FC43B200047A6A /* PokemonCellViewModel.swift */; };
		095E1CC425FC43F800047A6A /* PokemonCellViewModelProtocol.swift in Sources */ = {isa = PBXBuildFile; fileRef = 095E1CC325FC43F800047A6A /* PokemonCellViewModelProtocol.swift */; };
		095E1CC925FC4A8E00047A6A /* Kingfisher in Frameworks */ = {isa = PBXBuildFile; productRef = 095E1CC825FC4A8E00047A6A /* Kingfisher */; };
		095E1CCD25FC582C00047A6A /* PokemonsFactory.swift in Sources */ = {isa = PBXBuildFile; fileRef = 095E1CCC25FC582C00047A6A /* PokemonsFactory.swift */; };
		095E1CD225FC5B2100047A6A /* BaseViewModelProtocol.swift in Sources */ = {isa = PBXBuildFile; fileRef = 095E1CD125FC5B2100047A6A /* BaseViewModelProtocol.swift */; };
/* End PBXBuildFile section */

/* Begin PBXContainerItemProxy section */
		095E1BCB25FAD1CA00047A6A /* PBXContainerItemProxy */ = {
			isa = PBXContainerItemProxy;
			containerPortal = 095E1BAC25FAD1C700047A6A /* Project object */;
			proxyType = 1;
			remoteGlobalIDString = 095E1BB325FAD1C700047A6A;
			remoteInfo = pokedexUIKIt;
		};
		095E1BD625FAD1CA00047A6A /* PBXContainerItemProxy */ = {
			isa = PBXContainerItemProxy;
			containerPortal = 095E1BAC25FAD1C700047A6A /* Project object */;
			proxyType = 1;
			remoteGlobalIDString = 095E1BB325FAD1C700047A6A;
			remoteInfo = pokedexUIKIt;
		};
/* End PBXContainerItemProxy section */

/* Begin PBXCopyFilesBuildPhase section */
		095E1CB525FC2AB900047A6A /* Embed Frameworks */ = {
			isa = PBXCopyFilesBuildPhase;
			buildActionMask = 2147483647;
			dstPath = "";
			dstSubfolderSpec = 10;
			files = (
				095E1CB425FC2AB900047A6A /* SVProgressHUD.xcframework in Embed Frameworks */,
			);
			name = "Embed Frameworks";
			runOnlyForDeploymentPostprocessing = 0;
		};
/* End PBXCopyFilesBuildPhase section */

/* Begin PBXFileReference section */
		0909A47625FD88370078D284 /* PokemonsManager.swift */ = {isa = PBXFileReference; lastKnownFileType = sourcecode.swift; path = PokemonsManager.swift; sourceTree = "<group>"; };
		0909A47A25FD889E0078D284 /* PokemonsManagerProtocol.swift */ = {isa = PBXFileReference; lastKnownFileType = sourcecode.swift; path = PokemonsManagerProtocol.swift; sourceTree = "<group>"; };
		0909A48425FEE9170078D284 /* PokemonColor.swift */ = {isa = PBXFileReference; lastKnownFileType = sourcecode.swift; path = PokemonColor.swift; sourceTree = "<group>"; };
		095E1BB425FAD1C700047A6A /* pokedexUIKIt.app */ = {isa = PBXFileReference; explicitFileType = wrapper.application; includeInIndex = 0; path = pokedexUIKIt.app; sourceTree = BUILT_PRODUCTS_DIR; };
		095E1BB725FAD1C700047A6A /* AppDelegate.swift */ = {isa = PBXFileReference; lastKnownFileType = sourcecode.swift; path = AppDelegate.swift; sourceTree = "<group>"; };
		095E1BB925FAD1C700047A6A /* SceneDelegate.swift */ = {isa = PBXFileReference; lastKnownFileType = sourcecode.swift; path = SceneDelegate.swift; sourceTree = "<group>"; };
		095E1BBB25FAD1C700047A6A /* ViewController.swift */ = {isa = PBXFileReference; lastKnownFileType = sourcecode.swift; path = ViewController.swift; sourceTree = "<group>"; };
		095E1BC025FAD1C900047A6A /* Assets.xcassets */ = {isa = PBXFileReference; lastKnownFileType = folder.assetcatalog; path = Assets.xcassets; sourceTree = "<group>"; };
		095E1BC325FAD1C900047A6A /* Base */ = {isa = PBXFileReference; lastKnownFileType = file.storyboard; name = Base; path = Base.lproj/LaunchScreen.storyboard; sourceTree = "<group>"; };
		095E1BC525FAD1C900047A6A /* Info.plist */ = {isa = PBXFileReference; lastKnownFileType = text.plist.xml; path = Info.plist; sourceTree = "<group>"; };
		095E1BCA25FAD1CA00047A6A /* pokedexUIKItTests.xctest */ = {isa = PBXFileReference; explicitFileType = wrapper.cfbundle; includeInIndex = 0; path = pokedexUIKItTests.xctest; sourceTree = BUILT_PRODUCTS_DIR; };
		095E1BCE25FAD1CA00047A6A /* pokedexUIKItTests.swift */ = {isa = PBXFileReference; lastKnownFileType = sourcecode.swift; path = pokedexUIKItTests.swift; sourceTree = "<group>"; };
		095E1BD025FAD1CA00047A6A /* Info.plist */ = {isa = PBXFileReference; lastKnownFileType = text.plist.xml; path = Info.plist; sourceTree = "<group>"; };
		095E1BD525FAD1CA00047A6A /* pokedexUIKItUITests.xctest */ = {isa = PBXFileReference; explicitFileType = wrapper.cfbundle; includeInIndex = 0; path = pokedexUIKItUITests.xctest; sourceTree = BUILT_PRODUCTS_DIR; };
		095E1BD925FAD1CA00047A6A /* pokedexUIKItUITests.swift */ = {isa = PBXFileReference; lastKnownFileType = sourcecode.swift; path = pokedexUIKItUITests.swift; sourceTree = "<group>"; };
		095E1BDB25FAD1CA00047A6A /* Info.plist */ = {isa = PBXFileReference; lastKnownFileType = text.plist.xml; path = Info.plist; sourceTree = "<group>"; };
		095E1BF125FAD4D800047A6A /* NamedAPIResource.swift */ = {isa = PBXFileReference; lastKnownFileType = sourcecode.swift; path = NamedAPIResource.swift; sourceTree = "<group>"; };
		095E1BF625FAD51200047A6A /* PageObject.swift */ = {isa = PBXFileReference; lastKnownFileType = sourcecode.swift; path = PageObject.swift; sourceTree = "<group>"; };
		095E1BFB25FAD77800047A6A /* Pokemon.swift */ = {isa = PBXFileReference; lastKnownFileType = sourcecode.swift; path = Pokemon.swift; sourceTree = "<group>"; };
		095E1C4425FB0F8A00047A6A /* Request.swift */ = {isa = PBXFileReference; lastKnownFileType = sourcecode.swift; path = Request.swift; sourceTree = "<group>"; };
		095E1C4C25FB1A3200047A6A /* NetworkDispatcher.swift */ = {isa = PBXFileReference; lastKnownFileType = sourcecode.swift; path = NetworkDispatcher.swift; sourceTree = "<group>"; };
		095E1C5425FBD80400047A6A /* APIClient.swift */ = {isa = PBXFileReference; lastKnownFileType = sourcecode.swift; path = APIClient.swift; sourceTree = "<group>"; };
		095E1C5925FBDB6C00047A6A /* PokemonsViewModel.swift */ = {isa = PBXFileReference; lastKnownFileType = sourcecode.swift; path = PokemonsViewModel.swift; sourceTree = "<group>"; };
		095E1C5E25FBDBC500047A6A /* PokemonsViewModelProtocol.swift */ = {isa = PBXFileReference; lastKnownFileType = sourcecode.swift; path = PokemonsViewModelProtocol.swift; sourceTree = "<group>"; };
		095E1C6325FBE40B00047A6A /* Constants.swift */ = {isa = PBXFileReference; lastKnownFileType = sourcecode.swift; path = Constants.swift; sourceTree = "<group>"; };
		095E1C8525FC1E9500047A6A /* MainViewController.swift */ = {isa = PBXFileReference; lastKnownFileType = sourcecode.swift; path = MainViewController.swift; sourceTree = "<group>"; };
		095E1C9025FC26F200047A6A /* PokemonsViewController.swift */ = {isa = PBXFileReference; lastKnownFileType = sourcecode.swift; path = PokemonsViewController.swift; sourceTree = "<group>"; };
		095E1C9525FC272900047A6A /* Pokemons.storyboard */ = {isa = PBXFileReference; lastKnownFileType = file.storyboard; path = Pokemons.storyboard; sourceTree = "<group>"; };
		095E1C9F25FC279E00047A6A /* BaseViewController.swift */ = {isa = PBXFileReference; lastKnownFileType = sourcecode.swift; path = BaseViewController.swift; sourceTree = "<group>"; };
		095E1CAA25FC28C800047A6A /* AlertProtocol.swift */ = {isa = PBXFileReference; lastKnownFileType = sourcecode.swift; path = AlertProtocol.swift; sourceTree = "<group>"; };
		095E1CB225FC2AB900047A6A /* SVProgressHUD.xcframework */ = {isa = PBXFileReference; lastKnownFileType = wrapper.xcframework; name = SVProgressHUD.xcframework; path = ../Carthage/Build/SVProgressHUD.xcframework; sourceTree = "<group>"; };
		095E1CBA25FC3D2900047A6A /* PokemonCell.swift */ = {isa = PBXFileReference; lastKnownFileType = sourcecode.swift; path = PokemonCell.swift; sourceTree = "<group>"; };
		095E1CBF25FC43B200047A6A /* PokemonCellViewModel.swift */ = {isa = PBXFileReference; lastKnownFileType = sourcecode.swift; path = PokemonCellViewModel.swift; sourceTree = "<group>"; };
		095E1CC325FC43F800047A6A /* PokemonCellViewModelProtocol.swift */ = {isa = PBXFileReference; lastKnownFileType = sourcecode.swift; path = PokemonCellViewModelProtocol.swift; sourceTree = "<group>"; };
		095E1CCC25FC582C00047A6A /* PokemonsFactory.swift */ = {isa = PBXFileReference; lastKnownFileType = sourcecode.swift; path = PokemonsFactory.swift; sourceTree = "<group>"; };
		095E1CD125FC5B2100047A6A /* BaseViewModelProtocol.swift */ = {isa = PBXFileReference; lastKnownFileType = sourcecode.swift; path = BaseViewModelProtocol.swift; sourceTree = "<group>"; };
/* End PBXFileReference section */

/* Begin PBXFrameworksBuildPhase section */
		095E1BB125FAD1C700047A6A /* Frameworks */ = {
			isa = PBXFrameworksBuildPhase;
			buildActionMask = 2147483647;
			files = (
				095E1CC925FC4A8E00047A6A /* Kingfisher in Frameworks */,
				095E1CA625FC280100047A6A /* MRCommons in Frameworks */,
				095E1CB325FC2AB900047A6A /* SVProgressHUD.xcframework in Frameworks */,
			);
			runOnlyForDeploymentPostprocessing = 0;
		};
		095E1BC725FAD1CA00047A6A /* Frameworks */ = {
			isa = PBXFrameworksBuildPhase;
			buildActionMask = 2147483647;
			files = (
			);
			runOnlyForDeploymentPostprocessing = 0;
		};
		095E1BD225FAD1CA00047A6A /* Frameworks */ = {
			isa = PBXFrameworksBuildPhase;
			buildActionMask = 2147483647;
			files = (
			);
			runOnlyForDeploymentPostprocessing = 0;
		};
/* End PBXFrameworksBuildPhase section */

/* Begin PBXGroup section */
		095E1BAB25FAD1C700047A6A = {
			isa = PBXGroup;
			children = (
				095E1BB625FAD1C700047A6A /* pokedexUIKIt */,
				095E1BCD25FAD1CA00047A6A /* pokedexUIKItTests */,
				095E1BD825FAD1CA00047A6A /* pokedexUIKItUITests */,
				095E1BB525FAD1C700047A6A /* Products */,
				095E1CAF25FC2A5C00047A6A /* Frameworks */,
			);
			sourceTree = "<group>";
		};
		095E1BB525FAD1C700047A6A /* Products */ = {
			isa = PBXGroup;
			children = (
				095E1BB425FAD1C700047A6A /* pokedexUIKIt.app */,
				095E1BCA25FAD1CA00047A6A /* pokedexUIKItTests.xctest */,
				095E1BD525FAD1CA00047A6A /* pokedexUIKItUITests.xctest */,
			);
			name = Products;
			sourceTree = "<group>";
		};
		095E1BB625FAD1C700047A6A /* pokedexUIKIt */ = {
			isa = PBXGroup;
			children = (
				095E1BEA25FAD22800047A6A /* Applications */,
				095E1BB725FAD1C700047A6A /* AppDelegate.swift */,
				095E1BB925FAD1C700047A6A /* SceneDelegate.swift */,
				095E1BBB25FAD1C700047A6A /* ViewController.swift */,
				095E1BC025FAD1C900047A6A /* Assets.xcassets */,
				095E1BC225FAD1C900047A6A /* LaunchScreen.storyboard */,
				095E1BC525FAD1C900047A6A /* Info.plist */,
			);
			path = pokedexUIKIt;
			sourceTree = "<group>";
		};
		095E1BCD25FAD1CA00047A6A /* pokedexUIKItTests */ = {
			isa = PBXGroup;
			children = (
				095E1BCE25FAD1CA00047A6A /* pokedexUIKItTests.swift */,
				095E1BD025FAD1CA00047A6A /* Info.plist */,
			);
			path = pokedexUIKItTests;
			sourceTree = "<group>";
		};
		095E1BD825FAD1CA00047A6A /* pokedexUIKItUITests */ = {
			isa = PBXGroup;
			children = (
				095E1BD925FAD1CA00047A6A /* pokedexUIKItUITests.swift */,
				095E1BDB25FAD1CA00047A6A /* Info.plist */,
			);
			path = pokedexUIKItUITests;
			sourceTree = "<group>";
		};
		095E1BEA25FAD22800047A6A /* Applications */ = {
			isa = PBXGroup;
			children = (
				095E1C6E25FC1C5200047A6A /* Main */,
				095E1C4325FB0F7700047A6A /* Networking */,
				095E1BEF25FAD4B300047A6A /* Commons */,
				095E1BEB25FAD23B00047A6A /* Pokemons */,
			);
			path = Applications;
			sourceTree = "<group>";
		};
		095E1BEB25FAD23B00047A6A /* Pokemons */ = {
			isa = PBXGroup;
			children = (
				095E1BEE25FAD25500047A6A /* Views */,
				095E1BED25FAD24E00047A6A /* ViewModel */,
				095E1BEC25FAD24700047A6A /* Model */,
				095E1CCC25FC582C00047A6A /* PokemonsFactory.swift */,
				0909A47625FD88370078D284 /* PokemonsManager.swift */,
				0909A47A25FD889E0078D284 /* PokemonsManagerProtocol.swift */,
			);
			path = Pokemons;
			sourceTree = "<group>";
		};
		095E1BEC25FAD24700047A6A /* Model */ = {
			isa = PBXGroup;
			children = (
				095E1BFB25FAD77800047A6A /* Pokemon.swift */,
			);
			path = Model;
			sourceTree = "<group>";
		};
		095E1BED25FAD24E00047A6A /* ViewModel */ = {
			isa = PBXGroup;
			children = (
				095E1C5925FBDB6C00047A6A /* PokemonsViewModel.swift */,
				095E1C5E25FBDBC500047A6A /* PokemonsViewModelProtocol.swift */,
				095E1CBF25FC43B200047A6A /* PokemonCellViewModel.swift */,
				095E1CC325FC43F800047A6A /* PokemonCellViewModelProtocol.swift */,
			);
			path = ViewModel;
			sourceTree = "<group>";
		};
		095E1BEE25FAD25500047A6A /* Views */ = {
			isa = PBXGroup;
			children = (
				095E1C9025FC26F200047A6A /* PokemonsViewController.swift */,
				095E1C9525FC272900047A6A /* Pokemons.storyboard */,
				095E1CBA25FC3D2900047A6A /* PokemonCell.swift */,
			);
			path = Views;
			sourceTree = "<group>";
		};
		095E1BEF25FAD4B300047A6A /* Commons */ = {
			isa = PBXGroup;
			children = (
				095E1C9D25FC277400047A6A /* Views */,
				095E1BF025FAD4C400047A6A /* Model */,
				095E1C6325FBE40B00047A6A /* Constants.swift */,
				095E1CAA25FC28C800047A6A /* AlertProtocol.swift */,
				095E1CD125FC5B2100047A6A /* BaseViewModelProtocol.swift */,
				0909A48425FEE9170078D284 /* PokemonColor.swift */,
			);
			path = Commons;
			sourceTree = "<group>";
		};
		095E1BF025FAD4C400047A6A /* Model */ = {
			isa = PBXGroup;
			children = (
				095E1BF125FAD4D800047A6A /* NamedAPIResource.swift */,
				095E1BF625FAD51200047A6A /* PageObject.swift */,
			);
			path = Model;
			sourceTree = "<group>";
		};
		095E1C4325FB0F7700047A6A /* Networking */ = {
			isa = PBXGroup;
			children = (
				095E1C4425FB0F8A00047A6A /* Request.swift */,
				095E1C4C25FB1A3200047A6A /* NetworkDispatcher.swift */,
				095E1C5425FBD80400047A6A /* APIClient.swift */,
			);
			path = Networking;
			sourceTree = "<group>";
		};
		095E1C6E25FC1C5200047A6A /* Main */ = {
			isa = PBXGroup;
			children = (
				095E1C8525FC1E9500047A6A /* MainViewController.swift */,
			);
			path = Main;
			sourceTree = "<group>";
		};
		095E1C9D25FC277400047A6A /* Views */ = {
			isa = PBXGroup;
			children = (
				095E1C9E25FC278A00047A6A /* ViewControllers */,
			);
			path = Views;
			sourceTree = "<group>";
		};
		095E1C9E25FC278A00047A6A /* ViewControllers */ = {
			isa = PBXGroup;
			children = (
				095E1C9F25FC279E00047A6A /* BaseViewController.swift */,
			);
			path = ViewControllers;
			sourceTree = "<group>";
		};
		095E1CAF25FC2A5C00047A6A /* Frameworks */ = {
			isa = PBXGroup;
			children = (
				095E1CB225FC2AB900047A6A /* SVProgressHUD.xcframework */,
			);
			name = Frameworks;
			sourceTree = "<group>";
		};
/* End PBXGroup section */

/* Begin PBXNativeTarget section */
		095E1BB325FAD1C700047A6A /* pokedexUIKIt */ = {
			isa = PBXNativeTarget;
			buildConfigurationList = 095E1BDE25FAD1CA00047A6A /* Build configuration list for PBXNativeTarget "pokedexUIKIt" */;
			buildPhases = (
				095E1BB025FAD1C700047A6A /* Sources */,
				095E1BB125FAD1C700047A6A /* Frameworks */,
				095E1BB225FAD1C700047A6A /* Resources */,
				095E1CB525FC2AB900047A6A /* Embed Frameworks */,
			);
			buildRules = (
			);
			dependencies = (
			);
			name = pokedexUIKIt;
			packageProductDependencies = (
				095E1CA525FC280100047A6A /* MRCommons */,
				095E1CC825FC4A8E00047A6A /* Kingfisher */,
			);
			productName = pokedexUIKIt;
			productReference = 095E1BB425FAD1C700047A6A /* pokedexUIKIt.app */;
			productType = "com.apple.product-type.application";
		};
		095E1BC925FAD1CA00047A6A /* pokedexUIKItTests */ = {
			isa = PBXNativeTarget;
			buildConfigurationList = 095E1BE125FAD1CA00047A6A /* Build configuration list for PBXNativeTarget "pokedexUIKItTests" */;
			buildPhases = (
				095E1BC625FAD1CA00047A6A /* Sources */,
				095E1BC725FAD1CA00047A6A /* Frameworks */,
				095E1BC825FAD1CA00047A6A /* Resources */,
			);
			buildRules = (
			);
			dependencies = (
				095E1BCC25FAD1CA00047A6A /* PBXTargetDependency */,
			);
			name = pokedexUIKItTests;
			productName = pokedexUIKItTests;
			productReference = 095E1BCA25FAD1CA00047A6A /* pokedexUIKItTests.xctest */;
			productType = "com.apple.product-type.bundle.unit-test";
		};
		095E1BD425FAD1CA00047A6A /* pokedexUIKItUITests */ = {
			isa = PBXNativeTarget;
			buildConfigurationList = 095E1BE425FAD1CA00047A6A /* Build configuration list for PBXNativeTarget "pokedexUIKItUITests" */;
			buildPhases = (
				095E1BD125FAD1CA00047A6A /* Sources */,
				095E1BD225FAD1CA00047A6A /* Frameworks */,
				095E1BD325FAD1CA00047A6A /* Resources */,
			);
			buildRules = (
			);
			dependencies = (
				095E1BD725FAD1CA00047A6A /* PBXTargetDependency */,
			);
			name = pokedexUIKItUITests;
			productName = pokedexUIKItUITests;
			productReference = 095E1BD525FAD1CA00047A6A /* pokedexUIKItUITests.xctest */;
			productType = "com.apple.product-type.bundle.ui-testing";
		};
/* End PBXNativeTarget section */

/* Begin PBXProject section */
		095E1BAC25FAD1C700047A6A /* Project object */ = {
			isa = PBXProject;
			attributes = {
				LastSwiftUpdateCheck = 1200;
				LastUpgradeCheck = 1200;
				TargetAttributes = {
					095E1BB325FAD1C700047A6A = {
						CreatedOnToolsVersion = 12.0;
					};
					095E1BC925FAD1CA00047A6A = {
						CreatedOnToolsVersion = 12.0;
						TestTargetID = 095E1BB325FAD1C700047A6A;
					};
					095E1BD425FAD1CA00047A6A = {
						CreatedOnToolsVersion = 12.0;
						TestTargetID = 095E1BB325FAD1C700047A6A;
					};
				};
			};
			buildConfigurationList = 095E1BAF25FAD1C700047A6A /* Build configuration list for PBXProject "pokedexUIKIt" */;
			compatibilityVersion = "Xcode 9.3";
			developmentRegion = en;
			hasScannedForEncodings = 0;
			knownRegions = (
				en,
				Base,
			);
			mainGroup = 095E1BAB25FAD1C700047A6A;
			packageReferences = (
				095E1CA425FC280100047A6A /* XCRemoteSwiftPackageReference "MRCommons-iOS" */,
				095E1CC725FC4A8E00047A6A /* XCRemoteSwiftPackageReference "Kingfisher" */,
			);
			productRefGroup = 095E1BB525FAD1C700047A6A /* Products */;
			projectDirPath = "";
			projectRoot = "";
			targets = (
				095E1BB325FAD1C700047A6A /* pokedexUIKIt */,
				095E1BC925FAD1CA00047A6A /* pokedexUIKItTests */,
				095E1BD425FAD1CA00047A6A /* pokedexUIKItUITests */,
			);
		};
/* End PBXProject section */

/* Begin PBXResourcesBuildPhase section */
		095E1BB225FAD1C700047A6A /* Resources */ = {
			isa = PBXResourcesBuildPhase;
			buildActionMask = 2147483647;
			files = (
				095E1C9625FC272900047A6A /* Pokemons.storyboard in Resources */,
				095E1BC425FAD1C900047A6A /* LaunchScreen.storyboard in Resources */,
				095E1BC125FAD1C900047A6A /* Assets.xcassets in Resources */,
			);
			runOnlyForDeploymentPostprocessing = 0;
		};
		095E1BC825FAD1CA00047A6A /* Resources */ = {
			isa = PBXResourcesBuildPhase;
			buildActionMask = 2147483647;
			files = (
			);
			runOnlyForDeploymentPostprocessing = 0;
		};
		095E1BD325FAD1CA00047A6A /* Resources */ = {
			isa = PBXResourcesBuildPhase;
			buildActionMask = 2147483647;
			files = (
			);
			runOnlyForDeploymentPostprocessing = 0;
		};
/* End PBXResourcesBuildPhase section */

/* Begin PBXSourcesBuildPhase section */
		095E1BB025FAD1C700047A6A /* Sources */ = {
			isa = PBXSourcesBuildPhase;
			buildActionMask = 2147483647;
			files = (
				095E1BF225FAD4D800047A6A /* NamedAPIResource.swift in Sources */,
				095E1CC025FC43B200047A6A /* PokemonCellViewModel.swift in Sources */,
				095E1BF725FAD51200047A6A /* PageObject.swift in Sources */,
				095E1BBC25FAD1C700047A6A /* ViewController.swift in Sources */,
				095E1CC425FC43F800047A6A /* PokemonCellViewModelProtocol.swift in Sources */,
				095E1C4D25FB1A3200047A6A /* NetworkDispatcher.swift in Sources */,
				095E1BB825FAD1C700047A6A /* AppDelegate.swift in Sources */,
				095E1C4525FB0F8A00047A6A /* Request.swift in Sources */,
				095E1BBA25FAD1C700047A6A /* SceneDelegate.swift in Sources */,
				0909A47B25FD889E0078D284 /* PokemonsManagerProtocol.swift in Sources */,
				095E1C8625FC1E9500047A6A /* MainViewController.swift in Sources */,
				095E1CD225FC5B2100047A6A /* BaseViewModelProtocol.swift in Sources */,
				095E1BFC25FAD77800047A6A /* Pokemon.swift in Sources */,
				0909A48525FEE9180078D284 /* PokemonColor.swift in Sources */,
				095E1CAB25FC28C800047A6A /* AlertProtocol.swift in Sources */,
				095E1C5A25FBDB6C00047A6A /* PokemonsViewModel.swift in Sources */,
				095E1C9125FC26F200047A6A /* PokemonsViewController.swift in Sources */,
				095E1C5525FBD80400047A6A /* APIClient.swift in Sources */,
				095E1CA025FC279E00047A6A /* BaseViewController.swift in Sources */,
				095E1C5F25FBDBC500047A6A /* PokemonsViewModelProtocol.swift in Sources */,
				0909A47725FD88370078D284 /* PokemonsManager.swift in Sources */,
				095E1C6425FBE40B00047A6A /* Constants.swift in Sources */,
				095E1CCD25FC582C00047A6A /* PokemonsFactory.swift in Sources */,
				095E1CBB25FC3D2900047A6A /* PokemonCell.swift in Sources */,
			);
			runOnlyForDeploymentPostprocessing = 0;
		};
		095E1BC625FAD1CA00047A6A /* Sources */ = {
			isa = PBXSourcesBuildPhase;
			buildActionMask = 2147483647;
			files = (
				095E1BCF25FAD1CA00047A6A /* pokedexUIKItTests.swift in Sources */,
			);
			runOnlyForDeploymentPostprocessing = 0;
		};
		095E1BD125FAD1CA00047A6A /* Sources */ = {
			isa = PBXSourcesBuildPhase;
			buildActionMask = 2147483647;
			files = (
				095E1BDA25FAD1CA00047A6A /* pokedexUIKItUITests.swift in Sources */,
			);
			runOnlyForDeploymentPostprocessing = 0;
		};
/* End PBXSourcesBuildPhase section */

/* Begin PBXTargetDependency section */
		095E1BCC25FAD1CA00047A6A /* PBXTargetDependency */ = {
			isa = PBXTargetDependency;
			target = 095E1BB325FAD1C700047A6A /* pokedexUIKIt */;
			targetProxy = 095E1BCB25FAD1CA00047A6A /* PBXContainerItemProxy */;
		};
		095E1BD725FAD1CA00047A6A /* PBXTargetDependency */ = {
			isa = PBXTargetDependency;
			target = 095E1BB325FAD1C700047A6A /* pokedexUIKIt */;
			targetProxy = 095E1BD625FAD1CA00047A6A /* PBXContainerItemProxy */;
		};
/* End PBXTargetDependency section */

/* Begin PBXVariantGroup section */
		095E1BC225FAD1C900047A6A /* LaunchScreen.storyboard */ = {
			isa = PBXVariantGroup;
			children = (
				095E1BC325FAD1C900047A6A /* Base */,
			);
			name = LaunchScreen.storyboard;
			sourceTree = "<group>";
		};
/* End PBXVariantGroup section */

/* Begin XCBuildConfiguration section */
		095E1BDC25FAD1CA00047A6A /* Debug */ = {
			isa = XCBuildConfiguration;
			buildSettings = {
				ALWAYS_SEARCH_USER_PATHS = NO;
				CLANG_ANALYZER_NONNULL = YES;
				CLANG_ANALYZER_NUMBER_OBJECT_CONVERSION = YES_AGGRESSIVE;
				CLANG_CXX_LANGUAGE_STANDARD = "gnu++14";
				CLANG_CXX_LIBRARY = "libc++";
				CLANG_ENABLE_MODULES = YES;
				CLANG_ENABLE_OBJC_ARC = YES;
				CLANG_ENABLE_OBJC_WEAK = YES;
				CLANG_WARN_BLOCK_CAPTURE_AUTORELEASING = YES;
				CLANG_WARN_BOOL_CONVERSION = YES;
				CLANG_WARN_COMMA = YES;
				CLANG_WARN_CONSTANT_CONVERSION = YES;
				CLANG_WARN_DEPRECATED_OBJC_IMPLEMENTATIONS = YES;
				CLANG_WARN_DIRECT_OBJC_ISA_USAGE = YES_ERROR;
				CLANG_WARN_DOCUMENTATION_COMMENTS = YES;
				CLANG_WARN_EMPTY_BODY = YES;
				CLANG_WARN_ENUM_CONVERSION = YES;
				CLANG_WARN_INFINITE_RECURSION = YES;
				CLANG_WARN_INT_CONVERSION = YES;
				CLANG_WARN_NON_LITERAL_NULL_CONVERSION = YES;
				CLANG_WARN_OBJC_IMPLICIT_RETAIN_SELF = YES;
				CLANG_WARN_OBJC_LITERAL_CONVERSION = YES;
				CLANG_WARN_OBJC_ROOT_CLASS = YES_ERROR;
				CLANG_WARN_QUOTED_INCLUDE_IN_FRAMEWORK_HEADER = YES;
				CLANG_WARN_RANGE_LOOP_ANALYSIS = YES;
				CLANG_WARN_STRICT_PROTOTYPES = YES;
				CLANG_WARN_SUSPICIOUS_MOVE = YES;
				CLANG_WARN_UNGUARDED_AVAILABILITY = YES_AGGRESSIVE;
				CLANG_WARN_UNREACHABLE_CODE = YES;
				CLANG_WARN__DUPLICATE_METHOD_MATCH = YES;
				COPY_PHASE_STRIP = NO;
				DEBUG_INFORMATION_FORMAT = dwarf;
				ENABLE_STRICT_OBJC_MSGSEND = YES;
				ENABLE_TESTABILITY = YES;
				GCC_C_LANGUAGE_STANDARD = gnu11;
				GCC_DYNAMIC_NO_PIC = NO;
				GCC_NO_COMMON_BLOCKS = YES;
				GCC_OPTIMIZATION_LEVEL = 0;
				GCC_PREPROCESSOR_DEFINITIONS = (
					"DEBUG=1",
					"$(inherited)",
				);
				GCC_WARN_64_TO_32_BIT_CONVERSION = YES;
				GCC_WARN_ABOUT_RETURN_TYPE = YES_ERROR;
				GCC_WARN_UNDECLARED_SELECTOR = YES;
				GCC_WARN_UNINITIALIZED_AUTOS = YES_AGGRESSIVE;
				GCC_WARN_UNUSED_FUNCTION = YES;
				GCC_WARN_UNUSED_VARIABLE = YES;
				IPHONEOS_DEPLOYMENT_TARGET = 14.0;
				MTL_ENABLE_DEBUG_INFO = INCLUDE_SOURCE;
				MTL_FAST_MATH = YES;
				ONLY_ACTIVE_ARCH = YES;
				SDKROOT = iphoneos;
				SWIFT_ACTIVE_COMPILATION_CONDITIONS = DEBUG;
				SWIFT_OPTIMIZATION_LEVEL = "-Onone";
			};
			name = Debug;
		};
		095E1BDD25FAD1CA00047A6A /* Release */ = {
			isa = XCBuildConfiguration;
			buildSettings = {
				ALWAYS_SEARCH_USER_PATHS = NO;
				CLANG_ANALYZER_NONNULL = YES;
				CLANG_ANALYZER_NUMBER_OBJECT_CONVERSION = YES_AGGRESSIVE;
				CLANG_CXX_LANGUAGE_STANDARD = "gnu++14";
				CLANG_CXX_LIBRARY = "libc++";
				CLANG_ENABLE_MODULES = YES;
				CLANG_ENABLE_OBJC_ARC = YES;
				CLANG_ENABLE_OBJC_WEAK = YES;
				CLANG_WARN_BLOCK_CAPTURE_AUTORELEASING = YES;
				CLANG_WARN_BOOL_CONVERSION = YES;
				CLANG_WARN_COMMA = YES;
				CLANG_WARN_CONSTANT_CONVERSION = YES;
				CLANG_WARN_DEPRECATED_OBJC_IMPLEMENTATIONS = YES;
				CLANG_WARN_DIRECT_OBJC_ISA_USAGE = YES_ERROR;
				CLANG_WARN_DOCUMENTATION_COMMENTS = YES;
				CLANG_WARN_EMPTY_BODY = YES;
				CLANG_WARN_ENUM_CONVERSION = YES;
				CLANG_WARN_INFINITE_RECURSION = YES;
				CLANG_WARN_INT_CONVERSION = YES;
				CLANG_WARN_NON_LITERAL_NULL_CONVERSION = YES;
				CLANG_WARN_OBJC_IMPLICIT_RETAIN_SELF = YES;
				CLANG_WARN_OBJC_LITERAL_CONVERSION = YES;
				CLANG_WARN_OBJC_ROOT_CLASS = YES_ERROR;
				CLANG_WARN_QUOTED_INCLUDE_IN_FRAMEWORK_HEADER = YES;
				CLANG_WARN_RANGE_LOOP_ANALYSIS = YES;
				CLANG_WARN_STRICT_PROTOTYPES = YES;
				CLANG_WARN_SUSPICIOUS_MOVE = YES;
				CLANG_WARN_UNGUARDED_AVAILABILITY = YES_AGGRESSIVE;
				CLANG_WARN_UNREACHABLE_CODE = YES;
				CLANG_WARN__DUPLICATE_METHOD_MATCH = YES;
				COPY_PHASE_STRIP = NO;
				DEBUG_INFORMATION_FORMAT = "dwarf-with-dsym";
				ENABLE_NS_ASSERTIONS = NO;
				ENABLE_STRICT_OBJC_MSGSEND = YES;
				GCC_C_LANGUAGE_STANDARD = gnu11;
				GCC_NO_COMMON_BLOCKS = YES;
				GCC_WARN_64_TO_32_BIT_CONVERSION = YES;
				GCC_WARN_ABOUT_RETURN_TYPE = YES_ERROR;
				GCC_WARN_UNDECLARED_SELECTOR = YES;
				GCC_WARN_UNINITIALIZED_AUTOS = YES_AGGRESSIVE;
				GCC_WARN_UNUSED_FUNCTION = YES;
				GCC_WARN_UNUSED_VARIABLE = YES;
				IPHONEOS_DEPLOYMENT_TARGET = 14.0;
				MTL_ENABLE_DEBUG_INFO = NO;
				MTL_FAST_MATH = YES;
				SDKROOT = iphoneos;
				SWIFT_COMPILATION_MODE = wholemodule;
				SWIFT_OPTIMIZATION_LEVEL = "-O";
				VALIDATE_PRODUCT = YES;
			};
			name = Release;
		};
		095E1BDF25FAD1CA00047A6A /* Debug */ = {
			isa = XCBuildConfiguration;
			buildSettings = {
				ASSETCATALOG_COMPILER_APPICON_NAME = AppIcon;
				ASSETCATALOG_COMPILER_GLOBAL_ACCENT_COLOR_NAME = AccentColor;
				CODE_SIGN_STYLE = Automatic;
				DEVELOPMENT_TEAM = ALVM8N53R4;
				INFOPLIST_FILE = pokedexUIKIt/Info.plist;
				IPHONEOS_DEPLOYMENT_TARGET = 13.0;
				LD_RUNPATH_SEARCH_PATHS = (
					"$(inherited)",
					"@executable_path/Frameworks",
				);
				PRODUCT_BUNDLE_IDENTIFIER = com.mruiz723.pokedexUIKIt;
				PRODUCT_NAME = "$(TARGET_NAME)";
				SWIFT_VERSION = 5.0;
				TARGETED_DEVICE_FAMILY = 1;
			};
			name = Debug;
		};
		095E1BE025FAD1CA00047A6A /* Release */ = {
			isa = XCBuildConfiguration;
			buildSettings = {
				ASSETCATALOG_COMPILER_APPICON_NAME = AppIcon;
				ASSETCATALOG_COMPILER_GLOBAL_ACCENT_COLOR_NAME = AccentColor;
				CODE_SIGN_STYLE = Automatic;
				DEVELOPMENT_TEAM = ALVM8N53R4;
				INFOPLIST_FILE = pokedexUIKIt/Info.plist;
				IPHONEOS_DEPLOYMENT_TARGET = 13.0;
				LD_RUNPATH_SEARCH_PATHS = (
					"$(inherited)",
					"@executable_path/Frameworks",
				);
				PRODUCT_BUNDLE_IDENTIFIER = com.mruiz723.pokedexUIKIt;
				PRODUCT_NAME = "$(TARGET_NAME)";
				SWIFT_VERSION = 5.0;
				TARGETED_DEVICE_FAMILY = 1;
			};
			name = Release;
		};
		095E1BE225FAD1CA00047A6A /* Debug */ = {
			isa = XCBuildConfiguration;
			buildSettings = {
				ALWAYS_EMBED_SWIFT_STANDARD_LIBRARIES = YES;
				BUNDLE_LOADER = "$(TEST_HOST)";
				CODE_SIGN_STYLE = Automatic;
				INFOPLIST_FILE = pokedexUIKItTests/Info.plist;
				IPHONEOS_DEPLOYMENT_TARGET = 14.0;
				LD_RUNPATH_SEARCH_PATHS = (
					"$(inherited)",
					"@executable_path/Frameworks",
					"@loader_path/Frameworks",
				);
				PRODUCT_BUNDLE_IDENTIFIER = com.mruiz723.pokedexUIKItTests;
				PRODUCT_NAME = "$(TARGET_NAME)";
				SWIFT_VERSION = 5.0;
				TARGETED_DEVICE_FAMILY = "1,2";
				TEST_HOST = "$(BUILT_PRODUCTS_DIR)/pokedexUIKIt.app/pokedexUIKIt";
			};
			name = Debug;
		};
		095E1BE325FAD1CA00047A6A /* Release */ = {
			isa = XCBuildConfiguration;
			buildSettings = {
				ALWAYS_EMBED_SWIFT_STANDARD_LIBRARIES = YES;
				BUNDLE_LOADER = "$(TEST_HOST)";
				CODE_SIGN_STYLE = Automatic;
				INFOPLIST_FILE = pokedexUIKItTests/Info.plist;
				IPHONEOS_DEPLOYMENT_TARGET = 14.0;
				LD_RUNPATH_SEARCH_PATHS = (
					"$(inherited)",
					"@executable_path/Frameworks",
					"@loader_path/Frameworks",
				);
				PRODUCT_BUNDLE_IDENTIFIER = com.mruiz723.pokedexUIKItTests;
				PRODUCT_NAME = "$(TARGET_NAME)";
				SWIFT_VERSION = 5.0;
				TARGETED_DEVICE_FAMILY = "1,2";
				TEST_HOST = "$(BUILT_PRODUCTS_DIR)/pokedexUIKIt.app/pokedexUIKIt";
			};
			name = Release;
		};
		095E1BE525FAD1CA00047A6A /* Debug */ = {
			isa = XCBuildConfiguration;
			buildSettings = {
				ALWAYS_EMBED_SWIFT_STANDARD_LIBRARIES = YES;
				CODE_SIGN_STYLE = Automatic;
				INFOPLIST_FILE = pokedexUIKItUITests/Info.plist;
				LD_RUNPATH_SEARCH_PATHS = (
					"$(inherited)",
					"@executable_path/Frameworks",
					"@loader_path/Frameworks",
				);
				PRODUCT_BUNDLE_IDENTIFIER = com.mruiz723.pokedexUIKItUITests;
				PRODUCT_NAME = "$(TARGET_NAME)";
				SWIFT_VERSION = 5.0;
				TARGETED_DEVICE_FAMILY = "1,2";
				TEST_TARGET_NAME = pokedexUIKIt;
			};
			name = Debug;
		};
		095E1BE625FAD1CA00047A6A /* Release */ = {
			isa = XCBuildConfiguration;
			buildSettings = {
				ALWAYS_EMBED_SWIFT_STANDARD_LIBRARIES = YES;
				CODE_SIGN_STYLE = Automatic;
				INFOPLIST_FILE = pokedexUIKItUITests/Info.plist;
				LD_RUNPATH_SEARCH_PATHS = (
					"$(inherited)",
					"@executable_path/Frameworks",
					"@loader_path/Frameworks",
				);
				PRODUCT_BUNDLE_IDENTIFIER = com.mruiz723.pokedexUIKItUITests;
				PRODUCT_NAME = "$(TARGET_NAME)";
				SWIFT_VERSION = 5.0;
				TARGETED_DEVICE_FAMILY = "1,2";
				TEST_TARGET_NAME = pokedexUIKIt;
			};
			name = Release;
		};
/* End XCBuildConfiguration section */

/* Begin XCConfigurationList section */
		095E1BAF25FAD1C700047A6A /* Build configuration list for PBXProject "pokedexUIKIt" */ = {
			isa = XCConfigurationList;
			buildConfigurations = (
				095E1BDC25FAD1CA00047A6A /* Debug */,
				095E1BDD25FAD1CA00047A6A /* Release */,
			);
			defaultConfigurationIsVisible = 0;
			defaultConfigurationName = Release;
		};
		095E1BDE25FAD1CA00047A6A /* Build configuration list for PBXNativeTarget "pokedexUIKIt" */ = {
			isa = XCConfigurationList;
			buildConfigurations = (
				095E1BDF25FAD1CA00047A6A /* Debug */,
				095E1BE025FAD1CA00047A6A /* Release */,
			);
			defaultConfigurationIsVisible = 0;
			defaultConfigurationName = Release;
		};
		095E1BE125FAD1CA00047A6A /* Build configuration list for PBXNativeTarget "pokedexUIKItTests" */ = {
			isa = XCConfigurationList;
			buildConfigurations = (
				095E1BE225FAD1CA00047A6A /* Debug */,
				095E1BE325FAD1CA00047A6A /* Release */,
			);
			defaultConfigurationIsVisible = 0;
			defaultConfigurationName = Release;
		};
		095E1BE425FAD1CA00047A6A /* Build configuration list for PBXNativeTarget "pokedexUIKItUITests" */ = {
			isa = XCConfigurationList;
			buildConfigurations = (
				095E1BE525FAD1CA00047A6A /* Debug */,
				095E1BE625FAD1CA00047A6A /* Release */,
			);
			defaultConfigurationIsVisible = 0;
			defaultConfigurationName = Release;
		};
/* End XCConfigurationList section */

/* Begin XCRemoteSwiftPackageReference section */
		095E1CA425FC280100047A6A /* XCRemoteSwiftPackageReference "MRCommons-iOS" */ = {
			isa = XCRemoteSwiftPackageReference;
			repositoryURL = "git@github.com:mruiz723/MRCommons-iOS.git";
			requirement = {
				kind = upToNextMajorVersion;
				minimumVersion = 1.2.0;
			};
		};
		095E1CC725FC4A8E00047A6A /* XCRemoteSwiftPackageReference "Kingfisher" */ = {
			isa = XCRemoteSwiftPackageReference;
			repositoryURL = "https://github.com/onevcat/Kingfisher.git";
			requirement = {
				kind = upToNextMajorVersion;
				minimumVersion = 6.2.1;
			};
		};
/* End XCRemoteSwiftPackageReference section */

/* Begin XCSwiftPackageProductDependency section */
		095E1CA525FC280100047A6A /* MRCommons */ = {
			isa = XCSwiftPackageProductDependency;
			package = 095E1CA425FC280100047A6A /* XCRemoteSwiftPackageReference "MRCommons-iOS" */;
			productName = MRCommons;
		};
		095E1CC825FC4A8E00047A6A /* Kingfisher */ = {
			isa = XCSwiftPackageProductDependency;
			package = 095E1CC725FC4A8E00047A6A /* XCRemoteSwiftPackageReference "Kingfisher" */;
			productName = Kingfisher;
		};
/* End XCSwiftPackageProductDependency section */
	};
	rootObject = 095E1BAC25FAD1C700047A6A /* Project object */;
}
